
Microsoft Visual Studio Solution File, Format Version 12.00
# Visual Studio 14
VisualStudioVersion = 14.0.23107.0
MinimumVisualStudioVersion = 10.0.40219.1
Project("{FAE04EC0-301F-11D3-BF4B-00C04F79EFBC}") = "Mohammad_StickyNote", "Mohammad_StickyNote\Mohammad_StickyNote.csproj", "{4BB6C03E-9430-4C71-9F7E-B86848B8510F}"
EndProject
Project("{FAE04EC0-301F-11D3-BF4B-00C04F79EFBC}") = "StickyNoteTesting", "StickyNoteTesting\StickyNoteTesting.csproj", "{6EA1D89F-0284-4B90-973F-12E06D7A5D04}"
EndProject
Global
	GlobalSection(SolutionConfigurationPlatforms) = preSolution
		Debug|Any CPU = Debug|Any CPU
		Release|Any CPU = Release|Any CPU
	EndGlobalSection
	GlobalSection(ProjectConfigurationPlatforms) = postSolution
		{4BB6C03E-9430-4C71-9F7E-B86848B8510F}.Debug|Any CPU.ActiveCfg = Debug|Any CPU
		{4BB6C03E-9430-4C71-9F7E-B86848B8510F}.Debug|Any CPU.Build.0 = Debug|Any CPU
		{4BB6C03E-9430-4C71-9F7E-B86848B8510F}.Release|Any CPU.ActiveCfg = Release|Any CPU
		{4BB6C03E-9430-4C71-9F7E-B86848B8510F}.Release|Any CPU.Build.0 = Release|Any CPU
		{6EA1D89F-0284-4B90-973F-12E06D7A5D04}.Debug|Any CPU.ActiveCfg = Debug|Any CPU
		{6EA1D89F-0284-4B90-973F-12E06D7A5D04}.Debug|Any CPU.Build.0 = Debug|Any CPU
		{6EA1D89F-0284-4B90-973F-12E06D7A5D04}.Release|Any CPU.ActiveCfg = Release|Any CPU
		{6EA1D89F-0284-4B90-973F-12E06D7A5D04}.Release|Any CPU.Build.0 = Release|Any CPU
	EndGlobalSection
	GlobalSection(SolutionProperties) = preSolution
		HideSolutionNode = FALSE
	EndGlobalSection
EndGlobal
